
Microsoft Visual Studio Solution File, Format Version 12.00
# Visual Studio Version 16
VisualStudioVersion = 16.0.30523.141
MinimumVisualStudioVersion = 10.0.40219.1
Project("{FAE04EC0-301F-11D3-BF4B-00C04F79EFBC}") = "Project Euler Problems", "Project Euler Problems.csproj", "{4F48EEA8-8285-4802-BEAB-C024CA23BF2D}"
EndProject
Global
	GlobalSection(SolutionConfigurationPlatforms) = preSolution
		Debug|Any CPU = Debug|Any CPU
		Release|Any CPU = Release|Any CPU
	EndGlobalSection
	GlobalSection(ProjectConfigurationPlatforms) = postSolution
		{4F48EEA8-8285-4802-BEAB-C024CA23BF2D}.Debug|Any CPU.ActiveCfg = Debug|Any CPU
		{4F48EEA8-8285-4802-BEAB-C024CA23BF2D}.Debug|Any CPU.Build.0 = Debug|Any CPU
		{4F48EEA8-8285-4802-BEAB-C024CA23BF2D}.Release|Any CPU.ActiveCfg = Release|Any CPU
		{4F48EEA8-8285-4802-BEAB-C024CA23BF2D}.Release|Any CPU.Build.0 = Release|Any CPU
	EndGlobalSection
	GlobalSection(SolutionProperties) = preSolution
		HideSolutionNode = FALSE
	EndGlobalSection
	GlobalSection(ExtensibilityGlobals) = postSolution
		SolutionGuid = {4490FB2F-6646-48EA-BDED-8533C71D07BD}
	EndGlobalSection
EndGlobal
